<?xml version="1.0" encoding="utf-8"?>
<Project ToolsVersion="4.0" xmlns="http://schemas.microsoft.com/developer/msbuild/2003">
  <ItemGroup>
    <Filter Include="Source Files">
      <UniqueIdentifier>{4FC737F1-C7A5-4376-A066-2A32D752A2FF}</UniqueIdentifier>
      <Extensions>cpp;c;cc;cxx;def;odl;idl;hpj;bat;asm;asmx</Extensions>
    </Filter>
    <Filter Include="Header Files">
      <UniqueIdentifier>{93995380-89BD-4b04-88EB-625FBE52EBFB}</UniqueIdentifier>
      <Extensions>h;hh;hpp;hxx;hm;inl;inc;xsd</Extensions>
    </Filter>
    <Filter Include="Resource Files">
      <UniqueIdentifier>{67DA6AB6-F800-4c08-8B7A-83BB121AAD01}</UniqueIdentifier>
      <Extensions>rc;ico;cur;bmp;dlg;rc2;rct;bin;rgs;gif;jpg;jpeg;jpe;resx;tiff;tif;png;wav;mfcribbon-ms</Extensions>
    </Filter>
  </ItemGroup>
  <ItemGroup>
    <ClCompile Include="stdafx.cpp">
      <Filter>Source Files</Filter>
    </ClCompile>
    <ClCompile Include="RefineNurbsCommandImplementation.cpp">
      <Filter>Source Files</Filter>
    </ClCompile>
    <ClCompile Include="gsStreamData.cpp">
      <Filter>Source Files</Filter>
    </ClCompile>
    <ClCompile Include="ThbSurfaceGrip.cpp">
      <Filter>Source Files</Filter>
    </ClCompile>
    <ClCompile Include="ThbSurfaceGrips.cpp">
      <Filter>Source Files</Filter>
    </ClCompile>
    <ClCompile Include="ThbSurfaceObject.cpp">
      <Filter>Source Files</Filter>
    </ClCompile>
    <ClCompile Include="ThbSurfaceUserData.cpp">
      <Filter>Source Files</Filter>
    </ClCompile>
    <ClCompile Include="ThbSurfaceUtils.cpp">
      <Filter>Source Files</Filter>
    </ClCompile>
    <ClCompile Include="ThbSurfaceWatcher.cpp">
      <Filter>Source Files</Filter>
    </ClCompile>
    <ClCompile Include="TestCommandImplementation.cpp">
      <Filter>Source Files</Filter>
    </ClCompile>
    <ClCompile Include="ToNurbsImplementation.cpp">
      <Filter>Source Files</Filter>
    </ClCompile>
    <ClCompile Include="GismoImportImplementation.cpp">
      <Filter>Source Files</Filter>
    </ClCompile>
    <ClCompile Include="ToPatchesImplementation.cpp">
      <Filter>Source Files</Filter>
    </ClCompile>
    <ClCompile Include="ThbSurfaceDrawer.cpp">
      <Filter>Source Files</Filter>
    </ClCompile>
    <ClCompile Include="ActiveLevelCommandImplementation.cpp">
      <Filter>Source Files</Filter>
    </ClCompile>
    <ClCompile Include="ThbGripsState.cpp">
      <Filter>Source Files</Filter>
    </ClCompile>
    <ClCompile Include="ThbControlNetDrawer.cpp">
      <Filter>Source Files</Filter>
    </ClCompile>
    <ClCompile Include="ThbFitCommandImplementation.cpp">
      <Filter>Source Files</Filter>
    </ClCompile>
    <ClCompile Include="RefineNurbsAtSpanCommandImplementation.cpp">
      <Filter>Source Files</Filter>
    </ClCompile>
    <ClCompile Include="GismoExportImplementation.cpp">
      <Filter>Source Files</Filter>
    </ClCompile>
    <ClCompile Include="RhinoGetThbSurfaceObject.cpp">
      <Filter>Source Files</Filter>
    </ClCompile>
  </ItemGroup>
  <ItemGroup>
    <ClInclude Include="stdafx.h">
      <Filter>Header Files</Filter>
    </ClInclude>
    <ClInclude Include="targetver.h">
      <Filter>Header Files</Filter>
    </ClInclude>
    <ClInclude Include="Resource.h">
      <Filter>Header Files</Filter>
    </ClInclude>
    <ClInclude Include="RefineNurbsCommandImplementation.h">
      <Filter>Header Files</Filter>
    </ClInclude>
    <ClInclude Include="gsStreamData.h">
      <Filter>Header Files</Filter>
    </ClInclude>
    <ClInclude Include="ThbSurfaceGrip.h">
      <Filter>Header Files</Filter>
    </ClInclude>
    <ClInclude Include="ThbSurfaceGrips.h">
      <Filter>Header Files</Filter>
    </ClInclude>
    <ClInclude Include="ThbSurfaceObject.h">
      <Filter>Header Files</Filter>
    </ClInclude>
    <ClInclude Include="ThbSurfaceUserData.h">
      <Filter>Header Files</Filter>
    </ClInclude>
    <ClInclude Include="ThbSurfaceUtils.h">
      <Filter>Header Files</Filter>
    </ClInclude>
    <ClInclude Include="ThbSurfaceWatcher.h">
      <Filter>Header Files</Filter>
    </ClInclude>
    <ClInclude Include="TestCommandImplementation.h">
      <Filter>Header Files</Filter>
    </ClInclude>
    <ClInclude Include="ToNurbsImplementation.h">
      <Filter>Header Files</Filter>
    </ClInclude>
    <ClInclude Include="CommandImplementation.h">
      <Filter>Header Files</Filter>
    </ClInclude>
    <ClInclude Include="GismoImportImplementation.h">
      <Filter>Header Files</Filter>
    </ClInclude>
    <ClInclude Include="FileImportImplementation.h">
      <Filter>Header Files</Filter>
    </ClInclude>
    <ClInclude Include="ToPatchesImplementation.h">
      <Filter>Header Files</Filter>
    </ClInclude>
    <ClInclude Include="ThbSurfaceDrawer.h">
      <Filter>Header Files</Filter>
    </ClInclude>
    <ClInclude Include="ActiveLevelCommandImplementation.h">
      <Filter>Header Files</Filter>
    </ClInclude>
    <ClInclude Include="ThbGripsState.h">
      <Filter>Header Files</Filter>
    </ClInclude>
    <ClInclude Include="ThbControlNetDrawer.h">
      <Filter>Header Files</Filter>
    </ClInclude>
    <ClInclude Include="ThbFitCommandImplementation.h">
      <Filter>Header Files</Filter>
    </ClInclude>
    <ClInclude Include="RefineNurbsAtSpanCommandImplementation.h">
      <Filter>Header Files</Filter>
    </ClInclude>
    <ClInclude Include="GismoExportImplementation.h">
      <Filter>Header Files</Filter>
    </ClInclude>
    <ClInclude Include="FileExportImplementation.h">
      <Filter>Header Files</Filter>
    </ClInclude>
    <ClInclude Include="RhinoGetThbSurfaceObject.h">
      <Filter>Header Files</Filter>
    </ClInclude>
  </ItemGroup>
  <ItemGroup>
    <None Include="GismoSupport.def">
      <Filter>Source Files</Filter>
    </None>
    <None Include="res\GismoSupport.rc2">
      <Filter>Resource Files</Filter>
    </None>
  </ItemGroup>
  <ItemGroup>
    <ResourceCompile Include="GismoSupport.rc">
      <Filter>Resource Files</Filter>
    </ResourceCompile>
  </ItemGroup>
</Project>